// !$*UTF8*$!
{
	archiveVersion = 1;
	classes = {
	};
	objectVersion = 50;
	objects = {

/* Begin PBXBuildFile section */
		03D52384B295B0FE573303F3 /* Pods_Predict0r.framework in Frameworks */ = {isa = PBXBuildFile; fileRef = 1FB32FCEE0BF817832375D50 /* Pods_Predict0r.framework */; };
		BC2F8A04265FFDCB00362080 /* AppDelegate.swift in Sources */ = {isa = PBXBuildFile; fileRef = BC2F8A03265FFDCB00362080 /* AppDelegate.swift */; };
		BC2F8A06265FFDCB00362080 /* SceneDelegate.swift in Sources */ = {isa = PBXBuildFile; fileRef = BC2F8A05265FFDCB00362080 /* SceneDelegate.swift */; };
		BC2F8A08265FFDCB00362080 /* ViewController.swift in Sources */ = {isa = PBXBuildFile; fileRef = BC2F8A07265FFDCB00362080 /* ViewController.swift */; };
		BC2F8A0D265FFDD000362080 /* Assets.xcassets in Resources */ = {isa = PBXBuildFile; fileRef = BC2F8A0C265FFDD000362080 /* Assets.xcassets */; };
		BC2F8A10265FFDD000362080 /* LaunchScreen.storyboard in Resources */ = {isa = PBXBuildFile; fileRef = BC2F8A0E265FFDD000362080 /* LaunchScreen.storyboard */; };
		BC85161226627AC40005F28E /* UIViewExtension.swift in Sources */ = {isa = PBXBuildFile; fileRef = BC85161126627AC40005F28E /* UIViewExtension.swift */; };
		BC8516142664E3790005F28E /* TweetSentimentalClassifier.mlmodel in Sources */ = {isa = PBXBuildFile; fileRef = BC8516132664E3790005F28E /* TweetSentimentalClassifier.mlmodel */; };
		BC8516712664F0F60005F28E /* SwifteriOS.framework in Frameworks */ = {isa = PBXBuildFile; fileRef = BC8516682664F0E90005F28E /* SwifteriOS.framework */; };
		BC8516732664F5550005F28E /* SecretKeys.plist in Resources */ = {isa = PBXBuildFile; fileRef = BC8516722664F5550005F28E /* SecretKeys.plist */; };
		BC8516762664F7D00005F28E /* APIKeys.swift in Sources */ = {isa = PBXBuildFile; fileRef = BC8516752664F7D00005F28E /* APIKeys.swift */; };
		BC85167A2664F8780005F28E /* Methods.swift in Sources */ = {isa = PBXBuildFile; fileRef = BC8516792664F8780005F28E /* Methods.swift */; };
/* End PBXBuildFile section */

/* Begin PBXContainerItemProxy section */
		BC8516672664F0E90005F28E /* PBXContainerItemProxy */ = {
			isa = PBXContainerItemProxy;
			containerPortal = BC85165F2664F0E90005F28E /* Swifter.xcodeproj */;
			proxyType = 2;
			remoteGlobalIDString = 8B9F50EE1944A5AB00894629;
			remoteInfo = SwifteriOS;
		};
		BC8516692664F0E90005F28E /* PBXContainerItemProxy */ = {
			isa = PBXContainerItemProxy;
			containerPortal = BC85165F2664F0E90005F28E /* Swifter.xcodeproj */;
			proxyType = 2;
			remoteGlobalIDString = 8B9F51131944A61D00894629;
			remoteInfo = SwifterMac;
		};
		BC85166B2664F0E90005F28E /* PBXContainerItemProxy */ = {
			isa = PBXContainerItemProxy;
			containerPortal = BC85165F2664F0E90005F28E /* Swifter.xcodeproj */;
			proxyType = 2;
			remoteGlobalIDString = 8B300C1F1944AA1A00993175;
			remoteInfo = SwifterDemoiOS;
		};
		BC85166D2664F0E90005F28E /* PBXContainerItemProxy */ = {
			isa = PBXContainerItemProxy;
			containerPortal = BC85165F2664F0E90005F28E /* Swifter.xcodeproj */;
			proxyType = 2;
			remoteGlobalIDString = 8B300C471944AECB00993175;
			remoteInfo = SwifterDemoMac;
		};
		BC85166F2664F0E90005F28E /* PBXContainerItemProxy */ = {
			isa = PBXContainerItemProxy;
			containerPortal = BC85165F2664F0E90005F28E /* Swifter.xcodeproj */;
			proxyType = 2;
			remoteGlobalIDString = F6B4D5751C7BAC4500E06514;
			remoteInfo = SwifterTests;
		};
/* End PBXContainerItemProxy section */

/* Begin PBXFileReference section */
		1FB32FCEE0BF817832375D50 /* Pods_Predict0r.framework */ = {isa = PBXFileReference; explicitFileType = wrapper.framework; includeInIndex = 0; path = Pods_Predict0r.framework; sourceTree = BUILT_PRODUCTS_DIR; };
		65B28E75FA9C3E0A0AE53AC3 /* Pods-Predict0r.debug.xcconfig */ = {isa = PBXFileReference; includeInIndex = 1; lastKnownFileType = text.xcconfig; name = "Pods-Predict0r.debug.xcconfig"; path = "Target Support Files/Pods-Predict0r/Pods-Predict0r.debug.xcconfig"; sourceTree = "<group>"; };
		89B1D5022A05265A94ED52A2 /* Pods-Predict0r.release.xcconfig */ = {isa = PBXFileReference; includeInIndex = 1; lastKnownFileType = text.xcconfig; name = "Pods-Predict0r.release.xcconfig"; path = "Target Support Files/Pods-Predict0r/Pods-Predict0r.release.xcconfig"; sourceTree = "<group>"; };
		BC2F8A00265FFDCB00362080 /* Predict0r.app */ = {isa = PBXFileReference; explicitFileType = wrapper.application; includeInIndex = 0; path = Predict0r.app; sourceTree = BUILT_PRODUCTS_DIR; };
		BC2F8A03265FFDCB00362080 /* AppDelegate.swift */ = {isa = PBXFileReference; lastKnownFileType = sourcecode.swift; path = AppDelegate.swift; sourceTree = "<group>"; };
		BC2F8A05265FFDCB00362080 /* SceneDelegate.swift */ = {isa = PBXFileReference; lastKnownFileType = sourcecode.swift; path = SceneDelegate.swift; sourceTree = "<group>"; };
		BC2F8A07265FFDCB00362080 /* ViewController.swift */ = {isa = PBXFileReference; lastKnownFileType = sourcecode.swift; path = ViewController.swift; sourceTree = "<group>"; };
		BC2F8A0C265FFDD000362080 /* Assets.xcassets */ = {isa = PBXFileReference; lastKnownFileType = folder.assetcatalog; path = Assets.xcassets; sourceTree = "<group>"; };
		BC2F8A0F265FFDD000362080 /* Base */ = {isa = PBXFileReference; lastKnownFileType = file.storyboard; name = Base; path = Base.lproj/LaunchScreen.storyboard; sourceTree = "<group>"; };
		BC2F8A11265FFDD000362080 /* Info.plist */ = {isa = PBXFileReference; lastKnownFileType = text.plist.xml; path = Info.plist; sourceTree = "<group>"; };
		BC85161126627AC40005F28E /* UIViewExtension.swift */ = {isa = PBXFileReference; lastKnownFileType = sourcecode.swift; path = UIViewExtension.swift; sourceTree = "<group>"; };
		BC8516132664E3790005F28E /* TweetSentimentalClassifier.mlmodel */ = {isa = PBXFileReference; lastKnownFileType = file.mlmodel; path = TweetSentimentalClassifier.mlmodel; sourceTree = "<group>"; };
		BC85165F2664F0E90005F28E /* Swifter.xcodeproj */ = {isa = PBXFileReference; lastKnownFileType = "wrapper.pb-project"; name = Swifter.xcodeproj; path = ../Swifter/Swifter.xcodeproj; sourceTree = "<group>"; };
		BC8516722664F5550005F28E /* SecretKeys.plist */ = {isa = PBXFileReference; lastKnownFileType = text.plist.xml; path = SecretKeys.plist; sourceTree = "<group>"; };
		BC8516752664F7D00005F28E /* APIKeys.swift */ = {isa = PBXFileReference; lastKnownFileType = sourcecode.swift; path = APIKeys.swift; sourceTree = "<group>"; };
		BC8516792664F8780005F28E /* Methods.swift */ = {isa = PBXFileReference; lastKnownFileType = sourcecode.swift; path = Methods.swift; sourceTree = "<group>"; };
/* End PBXFileReference section */

/* Begin PBXFrameworksBuildPhase section */
		BC2F89FD265FFDCB00362080 /* Frameworks */ = {
			isa = PBXFrameworksBuildPhase;
			buildActionMask = 2147483647;
			files = (
				BC8516712664F0F60005F28E /* SwifteriOS.framework in Frameworks */,
				03D52384B295B0FE573303F3 /* Pods_Predict0r.framework in Frameworks */,
			);
			runOnlyForDeploymentPostprocessing = 0;
		};
/* End PBXFrameworksBuildPhase section */

/* Begin PBXGroup section */
		BC2F89F7265FFDCB00362080 = {
			isa = PBXGroup;
			children = (
				BC85165F2664F0E90005F28E /* Swifter.xcodeproj */,
				BC2F8A02265FFDCB00362080 /* Predict0r */,
				BC2F8A01265FFDCB00362080 /* Products */,
				BC8516272664E94F0005F28E /* Frameworks */,
				C44FD7E0935FA63A654D936F /* Pods */,
			);
			sourceTree = "<group>";
		};
		BC2F8A01265FFDCB00362080 /* Products */ = {
			isa = PBXGroup;
			children = (
				BC2F8A00265FFDCB00362080 /* Predict0r.app */,
			);
			name = Products;
			sourceTree = "<group>";
		};
		BC2F8A02265FFDCB00362080 /* Predict0r */ = {
			isa = PBXGroup;
			children = (
				BC8516782664F86C0005F28E /* Utils */,
				BC8516742664F7C30005F28E /* Values */,
				BC8516132664E3790005F28E /* TweetSentimentalClassifier.mlmodel */,
				BC2F8A03265FFDCB00362080 /* AppDelegate.swift */,
				BC2F8A05265FFDCB00362080 /* SceneDelegate.swift */,
				BC2F8A07265FFDCB00362080 /* ViewController.swift */,
				BC8516722664F5550005F28E /* SecretKeys.plist */,
				BC2F8A0C265FFDD000362080 /* Assets.xcassets */,
				BC2F8A0E265FFDD000362080 /* LaunchScreen.storyboard */,
				BC2F8A11265FFDD000362080 /* Info.plist */,
				BC85161026627AB00005F28E /* Extensions */,
			);
			path = Predict0r;
			sourceTree = "<group>";
		};
		BC85161026627AB00005F28E /* Extensions */ = {
			isa = PBXGroup;
			children = (
				BC85161126627AC40005F28E /* UIViewExtension.swift */,
			);
			path = Extensions;
			sourceTree = "<group>";
		};
		BC8516272664E94F0005F28E /* Frameworks */ = {
			isa = PBXGroup;
			children = (
				1FB32FCEE0BF817832375D50 /* Pods_Predict0r.framework */,
			);
			name = Frameworks;
			sourceTree = "<group>";
		};
		BC8516602664F0E90005F28E /* Products */ = {
			isa = PBXGroup;
			children = (
				BC8516682664F0E90005F28E /* SwifteriOS.framework */,
				BC85166A2664F0E90005F28E /* SwifterMac.framework */,
				BC85166C2664F0E90005F28E /* SwifterDemoiOS.app */,
				BC85166E2664F0E90005F28E /* SwifterDemoMac.app */,
				BC8516702664F0E90005F28E /* SwifterTests.xctest */,
			);
			name = Products;
			sourceTree = "<group>";
		};
		BC8516742664F7C30005F28E /* Values */ = {
			isa = PBXGroup;
			children = (
				BC8516752664F7D00005F28E /* APIKeys.swift */,
			);
			path = Values;
			sourceTree = "<group>";
		};
		BC8516782664F86C0005F28E /* Utils */ = {
			isa = PBXGroup;
			children = (
				BC8516792664F8780005F28E /* Methods.swift */,
			);
			path = Utils;
			sourceTree = "<group>";
		};
		C44FD7E0935FA63A654D936F /* Pods */ = {
			isa = PBXGroup;
			children = (
				65B28E75FA9C3E0A0AE53AC3 /* Pods-Predict0r.debug.xcconfig */,
				89B1D5022A05265A94ED52A2 /* Pods-Predict0r.release.xcconfig */,
			);
			name = Pods;
			path = Pods;
			sourceTree = "<group>";
		};
/* End PBXGroup section */

/* Begin PBXNativeTarget section */
		BC2F89FF265FFDCB00362080 /* Predict0r */ = {
			isa = PBXNativeTarget;
			buildConfigurationList = BC2F8A14265FFDD000362080 /* Build configuration list for PBXNativeTarget "Predict0r" */;
			buildPhases = (
				7422D954C4266C10BFFBFEB3 /* [CP] Check Pods Manifest.lock */,
				BC2F89FC265FFDCB00362080 /* Sources */,
				BC2F89FD265FFDCB00362080 /* Frameworks */,
				BC2F89FE265FFDCB00362080 /* Resources */,
				36F09DB21F7DEE523E7E38E3 /* [CP] Embed Pods Frameworks */,
			);
			buildRules = (
			);
			dependencies = (
			);
			name = Predict0r;
			productName = Predict0r;
			productReference = BC2F8A00265FFDCB00362080 /* Predict0r.app */;
			productType = "com.apple.product-type.application";
		};
/* End PBXNativeTarget section */

/* Begin PBXProject section */
		BC2F89F8265FFDCB00362080 /* Project object */ = {
			isa = PBXProject;
			attributes = {
				LastSwiftUpdateCheck = 1250;
				LastUpgradeCheck = 1250;
				TargetAttributes = {
					BC2F89FF265FFDCB00362080 = {
						CreatedOnToolsVersion = 12.5;
					};
				};
			};
			buildConfigurationList = BC2F89FB265FFDCB00362080 /* Build configuration list for PBXProject "Predict0r" */;
			compatibilityVersion = "Xcode 9.3";
			developmentRegion = en;
			hasScannedForEncodings = 0;
			knownRegions = (
				en,
				Base,
			);
			mainGroup = BC2F89F7265FFDCB00362080;
			productRefGroup = BC2F8A01265FFDCB00362080 /* Products */;
			projectDirPath = "";
			projectReferences = (
				{
					ProductGroup = BC8516602664F0E90005F28E /* Products */;
					ProjectRef = BC85165F2664F0E90005F28E /* Swifter.xcodeproj */;
				},
			);
			projectRoot = "";
			targets = (
				BC2F89FF265FFDCB00362080 /* Predict0r */,
			);
		};
/* End PBXProject section */

/* Begin PBXReferenceProxy section */
		BC8516682664F0E90005F28E /* SwifteriOS.framework */ = {
			isa = PBXReferenceProxy;
			fileType = wrapper.framework;
			path = SwifteriOS.framework;
			remoteRef = BC8516672664F0E90005F28E /* PBXContainerItemProxy */;
			sourceTree = BUILT_PRODUCTS_DIR;
		};
		BC85166A2664F0E90005F28E /* SwifterMac.framework */ = {
			isa = PBXReferenceProxy;
			fileType = wrapper.framework;
			path = SwifterMac.framework;
			remoteRef = BC8516692664F0E90005F28E /* PBXContainerItemProxy */;
			sourceTree = BUILT_PRODUCTS_DIR;
		};
		BC85166C2664F0E90005F28E /* SwifterDemoiOS.app */ = {
			isa = PBXReferenceProxy;
			fileType = wrapper.application;
			path = SwifterDemoiOS.app;
			remoteRef = BC85166B2664F0E90005F28E /* PBXContainerItemProxy */;
			sourceTree = BUILT_PRODUCTS_DIR;
		};
		BC85166E2664F0E90005F28E /* SwifterDemoMac.app */ = {
			isa = PBXReferenceProxy;
			fileType = wrapper.application;
			path = SwifterDemoMac.app;
			remoteRef = BC85166D2664F0E90005F28E /* PBXContainerItemProxy */;
			sourceTree = BUILT_PRODUCTS_DIR;
		};
		BC8516702664F0E90005F28E /* SwifterTests.xctest */ = {
			isa = PBXReferenceProxy;
			fileType = wrapper.cfbundle;
			path = SwifterTests.xctest;
			remoteRef = BC85166F2664F0E90005F28E /* PBXContainerItemProxy */;
			sourceTree = BUILT_PRODUCTS_DIR;
		};
/* End PBXReferenceProxy section */

/* Begin PBXResourcesBuildPhase section */
		BC2F89FE265FFDCB00362080 /* Resources */ = {
			isa = PBXResourcesBuildPhase;
			buildActionMask = 2147483647;
			files = (
				BC2F8A10265FFDD000362080 /* LaunchScreen.storyboard in Resources */,
				BC8516732664F5550005F28E /* SecretKeys.plist in Resources */,
				BC2F8A0D265FFDD000362080 /* Assets.xcassets in Resources */,
			);
			runOnlyForDeploymentPostprocessing = 0;
		};
/* End PBXResourcesBuildPhase section */

/* Begin PBXShellScriptBuildPhase section */
		36F09DB21F7DEE523E7E38E3 /* [CP] Embed Pods Frameworks */ = {
			isa = PBXShellScriptBuildPhase;
			buildActionMask = 2147483647;
			files = (
			);
			inputFileListPaths = (
				"${PODS_ROOT}/Target Support Files/Pods-Predict0r/Pods-Predict0r-frameworks-${CONFIGURATION}-input-files.xcfilelist",
			);
			name = "[CP] Embed Pods Frameworks";
			outputFileListPaths = (
				"${PODS_ROOT}/Target Support Files/Pods-Predict0r/Pods-Predict0r-frameworks-${CONFIGURATION}-output-files.xcfilelist",
			);
			runOnlyForDeploymentPostprocessing = 0;
			shellPath = /bin/sh;
			shellScript = "\"${PODS_ROOT}/Target Support Files/Pods-Predict0r/Pods-Predict0r-frameworks.sh\"\n";
			showEnvVarsInLog = 0;
		};
		7422D954C4266C10BFFBFEB3 /* [CP] Check Pods Manifest.lock */ = {
			isa = PBXShellScriptBuildPhase;
			buildActionMask = 2147483647;
			files = (
			);
			inputFileListPaths = (
			);
			inputPaths = (
				"${PODS_PODFILE_DIR_PATH}/Podfile.lock",
				"${PODS_ROOT}/Manifest.lock",
			);
			name = "[CP] Check Pods Manifest.lock";
			outputFileListPaths = (
			);
			outputPaths = (
				"$(DERIVED_FILE_DIR)/Pods-Predict0r-checkManifestLockResult.txt",
			);
			runOnlyForDeploymentPostprocessing = 0;
			shellPath = /bin/sh;
			shellScript = "diff \"${PODS_PODFILE_DIR_PATH}/Podfile.lock\" \"${PODS_ROOT}/Manifest.lock\" > /dev/null\nif [ $? != 0 ] ; then\n    # print error to STDERR\n    echo \"error: The sandbox is not in sync with the Podfile.lock. Run 'pod install' or update your CocoaPods installation.\" >&2\n    exit 1\nfi\n# This output is used by Xcode 'outputs' to avoid re-running this script phase.\necho \"SUCCESS\" > \"${SCRIPT_OUTPUT_FILE_0}\"\n";
			showEnvVarsInLog = 0;
		};
/* End PBXShellScriptBuildPhase section */

/* Begin PBXSourcesBuildPhase section */
		BC2F89FC265FFDCB00362080 /* Sources */ = {
			isa = PBXSourcesBuildPhase;
			buildActionMask = 2147483647;
			files = (
				BC8516762664F7D00005F28E /* APIKeys.swift in Sources */,
				BC85167A2664F8780005F28E /* Methods.swift in Sources */,
				BC2F8A08265FFDCB00362080 /* ViewController.swift in Sources */,
				BC85161226627AC40005F28E /* UIViewExtension.swift in Sources */,
				BC2F8A04265FFDCB00362080 /* AppDelegate.swift in Sources */,
				BC2F8A06265FFDCB00362080 /* SceneDelegate.swift in Sources */,
				BC8516142664E3790005F28E /* TweetSentimentalClassifier.mlmodel in Sources */,
			);
			runOnlyForDeploymentPostprocessing = 0;
		};
/* End PBXSourcesBuildPhase section */

/* Begin PBXVariantGroup section */
		BC2F8A0E265FFDD000362080 /* LaunchScreen.storyboard */ = {
			isa = PBXVariantGroup;
			children = (
				BC2F8A0F265FFDD000362080 /* Base */,
			);
			name = LaunchScreen.storyboard;
			sourceTree = "<group>";
		};
/* End PBXVariantGroup section */

/* Begin XCBuildConfiguration section */
		BC2F8A12265FFDD000362080 /* Debug */ = {
			isa = XCBuildConfiguration;
			buildSettings = {
				ALWAYS_SEARCH_USER_PATHS = NO;
				CLANG_ANALYZER_NONNULL = YES;
				CLANG_ANALYZER_NUMBER_OBJECT_CONVERSION = YES_AGGRESSIVE;
				CLANG_CXX_LANGUAGE_STANDARD = "gnu++14";
				CLANG_CXX_LIBRARY = "libc++";
				CLANG_ENABLE_MODULES = YES;
				CLANG_ENABLE_OBJC_ARC = YES;
				CLANG_ENABLE_OBJC_WEAK = YES;
				CLANG_WARN_BLOCK_CAPTURE_AUTORELEASING = YES;
				CLANG_WARN_BOOL_CONVERSION = YES;
				CLANG_WARN_COMMA = YES;
				CLANG_WARN_CONSTANT_CONVERSION = YES;
				CLANG_WARN_DEPRECATED_OBJC_IMPLEMENTATIONS = YES;
				CLANG_WARN_DIRECT_OBJC_ISA_USAGE = YES_ERROR;
				CLANG_WARN_DOCUMENTATION_COMMENTS = YES;
				CLANG_WARN_EMPTY_BODY = YES;
				CLANG_WARN_ENUM_CONVERSION = YES;
				CLANG_WARN_INFINITE_RECURSION = YES;
				CLANG_WARN_INT_CONVERSION = YES;
				CLANG_WARN_NON_LITERAL_NULL_CONVERSION = YES;
				CLANG_WARN_OBJC_IMPLICIT_RETAIN_SELF = YES;
				CLANG_WARN_OBJC_LITERAL_CONVERSION = YES;
				CLANG_WARN_OBJC_ROOT_CLASS = YES_ERROR;
				CLANG_WARN_QUOTED_INCLUDE_IN_FRAMEWORK_HEADER = YES;
				CLANG_WARN_RANGE_LOOP_ANALYSIS = YES;
				CLANG_WARN_STRICT_PROTOTYPES = YES;
				CLANG_WARN_SUSPICIOUS_MOVE = YES;
				CLANG_WARN_UNGUARDED_AVAILABILITY = YES_AGGRESSIVE;
				CLANG_WARN_UNREACHABLE_CODE = YES;
				CLANG_WARN__DUPLICATE_METHOD_MATCH = YES;
				COPY_PHASE_STRIP = NO;
				DEBUG_INFORMATION_FORMAT = dwarf;
				ENABLE_STRICT_OBJC_MSGSEND = YES;
				ENABLE_TESTABILITY = YES;
				GCC_C_LANGUAGE_STANDARD = gnu11;
				GCC_DYNAMIC_NO_PIC = NO;
				GCC_NO_COMMON_BLOCKS = YES;
				GCC_OPTIMIZATION_LEVEL = 0;
				GCC_PREPROCESSOR_DEFINITIONS = (
					"DEBUG=1",
					"$(inherited)",
				);
				GCC_WARN_64_TO_32_BIT_CONVERSION = YES;
				GCC_WARN_ABOUT_RETURN_TYPE = YES_ERROR;
				GCC_WARN_UNDECLARED_SELECTOR = YES;
				GCC_WARN_UNINITIALIZED_AUTOS = YES_AGGRESSIVE;
				GCC_WARN_UNUSED_FUNCTION = YES;
				GCC_WARN_UNUSED_VARIABLE = YES;
				IPHONEOS_DEPLOYMENT_TARGET = 14.5;
				MTL_ENABLE_DEBUG_INFO = INCLUDE_SOURCE;
				MTL_FAST_MATH = YES;
				ONLY_ACTIVE_ARCH = YES;
				SDKROOT = iphoneos;
				SWIFT_ACTIVE_COMPILATION_CONDITIONS = DEBUG;
				SWIFT_OPTIMIZATION_LEVEL = "-Onone";
			};
			name = Debug;
		};
		BC2F8A13265FFDD000362080 /* Release */ = {
			isa = XCBuildConfiguration;
			buildSettings = {
				ALWAYS_SEARCH_USER_PATHS = NO;
				CLANG_ANALYZER_NONNULL = YES;
				CLANG_ANALYZER_NUMBER_OBJECT_CONVERSION = YES_AGGRESSIVE;
				CLANG_CXX_LANGUAGE_STANDARD = "gnu++14";
				CLANG_CXX_LIBRARY = "libc++";
				CLANG_ENABLE_MODULES = YES;
				CLANG_ENABLE_OBJC_ARC = YES;
				CLANG_ENABLE_OBJC_WEAK = YES;
				CLANG_WARN_BLOCK_CAPTURE_AUTORELEASING = YES;
				CLANG_WARN_BOOL_CONVERSION = YES;
				CLANG_WARN_COMMA = YES;
				CLANG_WARN_CONSTANT_CONVERSION = YES;
				CLANG_WARN_DEPRECATED_OBJC_IMPLEMENTATIONS = YES;
				CLANG_WARN_DIRECT_OBJC_ISA_USAGE = YES_ERROR;
				CLANG_WARN_DOCUMENTATION_COMMENTS = YES;
				CLANG_WARN_EMPTY_BODY = YES;
				CLANG_WARN_ENUM_CONVERSION = YES;
				CLANG_WARN_INFINITE_RECURSION = YES;
				CLANG_WARN_INT_CONVERSION = YES;
				CLANG_WARN_NON_LITERAL_NULL_CONVERSION = YES;
				CLANG_WARN_OBJC_IMPLICIT_RETAIN_SELF = YES;
				CLANG_WARN_OBJC_LITERAL_CONVERSION = YES;
				CLANG_WARN_OBJC_ROOT_CLASS = YES_ERROR;
				CLANG_WARN_QUOTED_INCLUDE_IN_FRAMEWORK_HEADER = YES;
				CLANG_WARN_RANGE_LOOP_ANALYSIS = YES;
				CLANG_WARN_STRICT_PROTOTYPES = YES;
				CLANG_WARN_SUSPICIOUS_MOVE = YES;
				CLANG_WARN_UNGUARDED_AVAILABILITY = YES_AGGRESSIVE;
				CLANG_WARN_UNREACHABLE_CODE = YES;
				CLANG_WARN__DUPLICATE_METHOD_MATCH = YES;
				COPY_PHASE_STRIP = NO;
				DEBUG_INFORMATION_FORMAT = "dwarf-with-dsym";
				ENABLE_NS_ASSERTIONS = NO;
				ENABLE_STRICT_OBJC_MSGSEND = YES;
				GCC_C_LANGUAGE_STANDARD = gnu11;
				GCC_NO_COMMON_BLOCKS = YES;
				GCC_WARN_64_TO_32_BIT_CONVERSION = YES;
				GCC_WARN_ABOUT_RETURN_TYPE = YES_ERROR;
				GCC_WARN_UNDECLARED_SELECTOR = YES;
				GCC_WARN_UNINITIALIZED_AUTOS = YES_AGGRESSIVE;
				GCC_WARN_UNUSED_FUNCTION = YES;
				GCC_WARN_UNUSED_VARIABLE = YES;
				IPHONEOS_DEPLOYMENT_TARGET = 14.5;
				MTL_ENABLE_DEBUG_INFO = NO;
				MTL_FAST_MATH = YES;
				SDKROOT = iphoneos;
				SWIFT_COMPILATION_MODE = wholemodule;
				SWIFT_OPTIMIZATION_LEVEL = "-O";
				VALIDATE_PRODUCT = YES;
			};
			name = Release;
		};
		BC2F8A15265FFDD000362080 /* Debug */ = {
			isa = XCBuildConfiguration;
			baseConfigurationReference = 65B28E75FA9C3E0A0AE53AC3 /* Pods-Predict0r.debug.xcconfig */;
			buildSettings = {
				ASSETCATALOG_COMPILER_APPICON_NAME = AppIcon;
				ASSETCATALOG_COMPILER_GLOBAL_ACCENT_COLOR_NAME = AccentColor;
				CODE_SIGN_STYLE = Automatic;
				INFOPLIST_FILE = Predict0r/Info.plist;
				IPHONEOS_DEPLOYMENT_TARGET = 14.3;
				LD_RUNPATH_SEARCH_PATHS = (
					"$(inherited)",
					"@executable_path/Frameworks",
				);
				PRODUCT_BUNDLE_IDENTIFIER = Bodah.Predict0r;
				PRODUCT_NAME = "$(TARGET_NAME)";
				SWIFT_VERSION = 5.0;
				TARGETED_DEVICE_FAMILY = "1,2";
			};
			name = Debug;
		};
		BC2F8A16265FFDD000362080 /* Release */ = {
			isa = XCBuildConfiguration;
			baseConfigurationReference = 89B1D5022A05265A94ED52A2 /* Pods-Predict0r.release.xcconfig */;
			buildSettings = {
				ASSETCATALOG_COMPILER_APPICON_NAME = AppIcon;
				ASSETCATALOG_COMPILER_GLOBAL_ACCENT_COLOR_NAME = AccentColor;
				CODE_SIGN_STYLE = Automatic;
				INFOPLIST_FILE = Predict0r/Info.plist;
				IPHONEOS_DEPLOYMENT_TARGET = 14.3;
				LD_RUNPATH_SEARCH_PATHS = (
					"$(inherited)",
					"@executable_path/Frameworks",
				);
				PRODUCT_BUNDLE_IDENTIFIER = Bodah.Predict0r;
				PRODUCT_NAME = "$(TARGET_NAME)";
				SWIFT_VERSION = 5.0;
				TARGETED_DEVICE_FAMILY = "1,2";
			};
			name = Release;
		};
/* End XCBuildConfiguration section */

/* Begin XCConfigurationList section */
		BC2F89FB265FFDCB00362080 /* Build configuration list for PBXProject "Predict0r" */ = {
			isa = XCConfigurationList;
			buildConfigurations = (
				BC2F8A12265FFDD000362080 /* Debug */,
				BC2F8A13265FFDD000362080 /* Release */,
			);
			defaultConfigurationIsVisible = 0;
			defaultConfigurationName = Release;
		};
		BC2F8A14265FFDD000362080 /* Build configuration list for PBXNativeTarget "Predict0r" */ = {
			isa = XCConfigurationList;
			buildConfigurations = (
				BC2F8A15265FFDD000362080 /* Debug */,
				BC2F8A16265FFDD000362080 /* Release */,
			);
			defaultConfigurationIsVisible = 0;
			defaultConfigurationName = Release;
		};
/* End XCConfigurationList section */
	};
	rootObject = BC2F89F8265FFDCB00362080 /* Project object */;
}
